
Microsoft Visual Studio Solution File, Format Version 12.00
# Visual Studio Version 17
VisualStudioVersion = 17.9.34728.123
MinimumVisualStudioVersion = 10.0.40219.1
Project("{FAE04EC0-301F-11D3-BF4B-00C04F79EFBC}") = "Static_and_Instance_Members", "Static_and_Instance_Members\Static_and_Instance_Members.csproj", "{476A36DF-420D-4454-9328-5745C5E35591}"
EndProject
Global
	GlobalSection(SolutionConfigurationPlatforms) = preSolution
		Debug|Any CPU = Debug|Any CPU
		Release|Any CPU = Release|Any CPU
	EndGlobalSection
	GlobalSection(ProjectConfigurationPlatforms) = postSolution
		{476A36DF-420D-4454-9328-5745C5E35591}.Debug|Any CPU.ActiveCfg = Debug|Any CPU
		{476A36DF-420D-4454-9328-5745C5E35591}.Debug|Any CPU.Build.0 = Debug|Any CPU
		{476A36DF-420D-4454-9328-5745C5E35591}.Release|Any CPU.ActiveCfg = Release|Any CPU
		{476A36DF-420D-4454-9328-5745C5E35591}.Release|Any CPU.Build.0 = Release|Any CPU
	EndGlobalSection
	GlobalSection(SolutionProperties) = preSolution
		HideSolutionNode = FALSE
	EndGlobalSection
	GlobalSection(ExtensibilityGlobals) = postSolution
		SolutionGuid = {CB1241DF-0E56-491C-B270-6273CA95B3B9}
	EndGlobalSection
EndGlobal
